
Microsoft Visual Studio Solution File, Format Version 12.00
# Visual Studio Version 16
VisualStudioVersion = 16.0.31205.134
MinimumVisualStudioVersion = 10.0.40219.1
Project("{9A19103F-16F7-4668-BE54-9A1E7A4F7556}") = "P-Speak", "P-Speak\P-Speak.csproj", "{C3676415-3B26-46B0-BAB6-BB7ECA721D72}"
EndProject
Project("{FAE04EC0-301F-11D3-BF4B-00C04F79EFBC}") = "Homework6Practice", "Homework6Practice\Homework6Practice.csproj", "{B2149204-226E-4BF9-81B7-93FD24A9DE64}"
EndProject
Project("{FAE04EC0-301F-11D3-BF4B-00C04F79EFBC}") = "Functions", "Functions\Functions.csproj", "{B7E2FF7D-0005-4CC6-BD9E-2274647F3B2F}"
EndProject
Global
	GlobalSection(SolutionConfigurationPlatforms) = preSolution
		Debug|Any CPU = Debug|Any CPU
		Release|Any CPU = Release|Any CPU
	EndGlobalSection
	GlobalSection(ProjectConfigurationPlatforms) = postSolution
		{C3676415-3B26-46B0-BAB6-BB7ECA721D72}.Debug|Any CPU.ActiveCfg = Debug|Any CPU
		{C3676415-3B26-46B0-BAB6-BB7ECA721D72}.Debug|Any CPU.Build.0 = Debug|Any CPU
		{C3676415-3B26-46B0-BAB6-BB7ECA721D72}.Release|Any CPU.ActiveCfg = Release|Any CPU
		{C3676415-3B26-46B0-BAB6-BB7ECA721D72}.Release|Any CPU.Build.0 = Release|Any CPU
		{B2149204-226E-4BF9-81B7-93FD24A9DE64}.Debug|Any CPU.ActiveCfg = Debug|Any CPU
		{B2149204-226E-4BF9-81B7-93FD24A9DE64}.Debug|Any CPU.Build.0 = Debug|Any CPU
		{B2149204-226E-4BF9-81B7-93FD24A9DE64}.Release|Any CPU.ActiveCfg = Release|Any CPU
		{B2149204-226E-4BF9-81B7-93FD24A9DE64}.Release|Any CPU.Build.0 = Release|Any CPU
		{B7E2FF7D-0005-4CC6-BD9E-2274647F3B2F}.Debug|Any CPU.ActiveCfg = Debug|Any CPU
		{B7E2FF7D-0005-4CC6-BD9E-2274647F3B2F}.Debug|Any CPU.Build.0 = Debug|Any CPU
		{B7E2FF7D-0005-4CC6-BD9E-2274647F3B2F}.Release|Any CPU.ActiveCfg = Release|Any CPU
		{B7E2FF7D-0005-4CC6-BD9E-2274647F3B2F}.Release|Any CPU.Build.0 = Release|Any CPU
	EndGlobalSection
	GlobalSection(SolutionProperties) = preSolution
		HideSolutionNode = FALSE
	EndGlobalSection
	GlobalSection(ExtensibilityGlobals) = postSolution
		SolutionGuid = {CBD51A2F-10D2-443D-937D-5DEBD8BABE3B}
	EndGlobalSection
EndGlobal
